// !$*UTF8*$!
{
	archiveVersion = 1;
	classes = {
	};
	objectVersion = 46;
	objects = {

/* Begin PBXBuildFile section */
		9197F6161F308F6000D73515 /* AppDelegate.swift in Sources */ = {isa = PBXBuildFile; fileRef = 9197F6151F308F6000D73515 /* AppDelegate.swift */; };
		9197F6181F308F6000D73515 /* ViewController.swift in Sources */ = {isa = PBXBuildFile; fileRef = 9197F6171F308F6000D73515 /* ViewController.swift */; };
		9197F61B1F308F6100D73515 /* Main.storyboard in Resources */ = {isa = PBXBuildFile; fileRef = 9197F6191F308F6100D73515 /* Main.storyboard */; };
		9197F61D1F308F6200D73515 /* Assets.xcassets in Resources */ = {isa = PBXBuildFile; fileRef = 9197F61C1F308F6100D73515 /* Assets.xcassets */; };
		9197F6201F308F6200D73515 /* LaunchScreen.storyboard in Resources */ = {isa = PBXBuildFile; fileRef = 9197F61E1F308F6200D73515 /* LaunchScreen.storyboard */; };
/* End PBXBuildFile section */

/* Begin PBXFileReference section */
		9197F6121F308F6000D73515 /* News Paper.app */ = {isa = PBXFileReference; explicitFileType = wrapper.application; includeInIndex = 0; path = "News Paper.app"; sourceTree = BUILT_PRODUCTS_DIR; };
		9197F6151F308F6000D73515 /* AppDelegate.swift */ = {isa = PBXFileReference; lastKnownFileType = sourcecode.swift; path = AppDelegate.swift; sourceTree = "<group>"; };
		9197F6171F308F6000D73515 /* ViewController.swift */ = {isa = PBXFileReference; lastKnownFileType = sourcecode.swift; path = ViewController.swift; sourceTree = "<group>"; };
		9197F61A1F308F6100D73515 /* Base */ = {isa = PBXFileReference; lastKnownFileType = file.storyboard; name = Base; path = Base.lproj/Main.storyboard; sourceTree = "<group>"; };
		9197F61C1F308F6100D73515 /* Assets.xcassets */ = {isa = PBXFileReference; lastKnownFileType = folder.assetcatalog; path = Assets.xcassets; sourceTree = "<group>"; };
		9197F61F1F308F6200D73515 /* Base */ = {isa = PBXFileReference; lastKnownFileType = file.storyboard; name = Base; path = Base.lproj/LaunchScreen.storyboard; sourceTree = "<group>"; };
		9197F6211F308F6200D73515 /* Info.plist */ = {isa = PBXFileReference; lastKnownFileType = text.plist.xml; path = Info.plist; sourceTree = "<group>"; };
/* End PBXFileReference section */

/* Begin PBXFrameworksBuildPhase section */
		9197F60F1F308F6000D73515 /* Frameworks */ = {
			isa = PBXFrameworksBuildPhase;
			buildActionMask = 2147483647;
			files = (
			);
			runOnlyForDeploymentPostprocessing = 0;
		};
/* End PBXFrameworksBuildPhase section */

/* Begin PBXGroup section */
		9197F6091F308F6000D73515 = {
			isa = PBXGroup;
			children = (
				9197F6141F308F6000D73515 /* News Paper */,
				9197F6131F308F6000D73515 /* Products */,
			);
			sourceTree = "<group>";
		};
		9197F6131F308F6000D73515 /* Products */ = {
			isa = PBXGroup;
			children = (
				9197F6121F308F6000D73515 /* News Paper.app */,
			);
			name = Products;
			sourceTree = "<group>";
		};
		9197F6141F308F6000D73515 /* News Paper */ = {
			isa = PBXGroup;
			children = (
				9197F6151F308F6000D73515 /* AppDelegate.swift */,
				9197F6171F308F6000D73515 /* ViewController.swift */,
				9197F6191F308F6100D73515 /* Main.storyboard */,
				9197F61C1F308F6100D73515 /* Assets.xcassets */,
				9197F61E1F308F6200D73515 /* LaunchScreen.storyboard */,
				9197F6211F308F6200D73515 /* Info.plist */,
			);
			path = "News Paper";
			sourceTree = "<group>";
		};
/* End PBXGroup section */

/* Begin PBXNativeTarget section */
		9197F6111F308F6000D73515 /* News Paper */ = {
			isa = PBXNativeTarget;
			buildConfigurationList = 9197F6241F308F6200D73515 /* Build configuration list for PBXNativeTarget "News Paper" */;
			buildPhases = (
				9197F60E1F308F6000D73515 /* Sources */,
				9197F60F1F308F6000D73515 /* Frameworks */,
				9197F6101F308F6000D73515 /* Resources */,
			);
			buildRules = (
			);
			dependencies = (
			);
			name = "News Paper";
			productName = "News Paper";
			productReference = 9197F6121F308F6000D73515 /* News Paper.app */;
			productType = "com.apple.product-type.application";
		};
/* End PBXNativeTarget section */

/* Begin PBXProject section */
		9197F60A1F308F6000D73515 /* Project object */ = {
			isa = PBXProject;
			attributes = {
				LastSwiftUpdateCheck = 0830;
				LastUpgradeCheck = 0830;
				ORGANIZATIONNAME = "Ashutosh Singh";
				TargetAttributes = {
					9197F6111F308F6000D73515 = {
						CreatedOnToolsVersion = 8.3.3;
						ProvisioningStyle = Automatic;
					};
				};
			};
			buildConfigurationList = 9197F60D1F308F6000D73515 /* Build configuration list for PBXProject "News Paper" */;
			compatibilityVersion = "Xcode 3.2";
			developmentRegion = English;
			hasScannedForEncodings = 0;
			knownRegions = (
				en,
				Base,
			);
			mainGroup = 9197F6091F308F6000D73515;
			productRefGroup = 9197F6131F308F6000D73515 /* Products */;
			projectDirPath = "";
			projectRoot = "";
			targets = (
				9197F6111F308F6000D73515 /* News Paper */,
			);
		};
/* End PBXProject section */

/* Begin PBXResourcesBuildPhase section */
		9197F6101F308F6000D73515 /* Resources */ = {
			isa = PBXResourcesBuildPhase;
			buildActionMask = 2147483647;
			files = (
				9197F6201F308F6200D73515 /* LaunchScreen.storyboard in Resources */,
				9197F61D1F308F6200D73515 /* Assets.xcassets in Resources */,
				9197F61B1F308F6100D73515 /* Main.storyboard in Resources */,
			);
			runOnlyForDeploymentPostprocessing = 0;
		};
/* End PBXResourcesBuildPhase section */

/* Begin PBXSourcesBuildPhase section */
		9197F60E1F308F6000D73515 /* Sources */ = {
			isa = PBXSourcesBuildPhase;
			buildActionMask = 2147483647;
			files = (
				9197F6181F308F6000D73515 /* ViewController.swift in Sources */,
				9197F6161F308F6000D73515 /* AppDelegate.swift in Sources */,
			);
			runOnlyForDeploymentPostprocessing = 0;
		};
/* End PBXSourcesBuildPhase section */

/* Begin PBXVariantGroup section */
		9197F6191F308F6100D73515 /* Main.storyboard */ = {
			isa = PBXVariantGroup;
			children = (
				9197F61A1F308F6100D73515 /* Base */,
			);
			name = Main.storyboard;
			sourceTree = "<group>";
		};
		9197F61E1F308F6200D73515 /* LaunchScreen.storyboard */ = {
			isa = PBXVariantGroup;
			children = (
				9197F61F1F308F6200D73515 /* Base */,
			);
			name = LaunchScreen.storyboard;
			sourceTree = "<group>";
		};
/* End PBXVariantGroup section */

/* Begin XCBuildConfiguration section */
		9197F6221F308F6200D73515 /* Debug */ = {
			isa = XCBuildConfiguration;
			buildSettings = {
				ALWAYS_SEARCH_USER_PATHS = NO;
				CLANG_ANALYZER_NONNULL = YES;
				CLANG_ANALYZER_NUMBER_OBJECT_CONVERSION = YES_AGGRESSIVE;
				CLANG_CXX_LANGUAGE_STANDARD = "gnu++0x";
				CLANG_CXX_LIBRARY = "libc++";
				CLANG_ENABLE_MODULES = YES;
				CLANG_ENABLE_OBJC_ARC = YES;
				CLANG_WARN_BOOL_CONVERSION = YES;
				CLANG_WARN_CONSTANT_CONVERSION = YES;
				CLANG_WARN_DIRECT_OBJC_ISA_USAGE = YES_ERROR;
				CLANG_WARN_DOCUMENTATION_COMMENTS = YES;
				CLANG_WARN_EMPTY_BODY = YES;
				CLANG_WARN_ENUM_CONVERSION = YES;
				CLANG_WARN_INFINITE_RECURSION = YES;
				CLANG_WARN_INT_CONVERSION = YES;
				CLANG_WARN_OBJC_ROOT_CLASS = YES_ERROR;
				CLANG_WARN_SUSPICIOUS_MOVE = YES;
				CLANG_WARN_UNREACHABLE_CODE = YES;
				CLANG_WARN__DUPLICATE_METHOD_MATCH = YES;
				"CODE_SIGN_IDENTITY[sdk=iphoneos*]" = "iPhone Developer";
				COPY_PHASE_STRIP = NO;
				DEBUG_INFORMATION_FORMAT = dwarf;
				ENABLE_STRICT_OBJC_MSGSEND = YES;
				ENABLE_TESTABILITY = YES;
				GCC_C_LANGUAGE_STANDARD = gnu99;
				GCC_DYNAMIC_NO_PIC = NO;
				GCC_NO_COMMON_BLOCKS = YES;
				GCC_OPTIMIZATION_LEVEL = 0;
				GCC_PREPROCESSOR_DEFINITIONS = (
					"DEBUG=1",
					"$(inherited)",
				);
				GCC_WARN_64_TO_32_BIT_CONVERSION = YES;
				GCC_WARN_ABOUT_RETURN_TYPE = YES_ERROR;
				GCC_WARN_UNDECLARED_SELECTOR = YES;
				GCC_WARN_UNINITIALIZED_AUTOS = YES_AGGRESSIVE;
				GCC_WARN_UNUSED_FUNCTION = YES;
				GCC_WARN_UNUSED_VARIABLE = YES;
				IPHONEOS_DEPLOYMENT_TARGET = 10.3;
				MTL_ENABLE_DEBUG_INFO = YES;
				ONLY_ACTIVE_ARCH = YES;
				SDKROOT = iphoneos;
				SWIFT_ACTIVE_COMPILATION_CONDITIONS = DEBUG;
				SWIFT_OPTIMIZATION_LEVEL = "-Onone";
			};
			name = Debug;
		};
		9197F6231F308F6200D73515 /* Release */ = {
			isa = XCBuildConfiguration;
			buildSettings = {
				ALWAYS_SEARCH_USER_PATHS = NO;
				CLANG_ANALYZER_NONNULL = YES;
				CLANG_ANALYZER_NUMBER_OBJECT_CONVERSION = YES_AGGRESSIVE;
				CLANG_CXX_LANGUAGE_STANDARD = "gnu++0x";
				CLANG_CXX_LIBRARY = "libc++";
				CLANG_ENABLE_MODULES = YES;
				CLANG_ENABLE_OBJC_ARC = YES;
				CLANG_WARN_BOOL_CONVERSION = YES;
				CLANG_WARN_CONSTANT_CONVERSION = YES;
				CLANG_WARN_DIRECT_OBJC_ISA_USAGE = YES_ERROR;
				CLANG_WARN_DOCUMENTATION_COMMENTS = YES;
				CLANG_WARN_EMPTY_BODY = YES;
				CLANG_WARN_ENUM_CONVERSION = YES;
				CLANG_WARN_INFINITE_RECURSION = YES;
				CLANG_WARN_INT_CONVERSION = YES;
				CLANG_WARN_OBJC_ROOT_CLASS = YES_ERROR;
				CLANG_WARN_SUSPICIOUS_MOVE = YES;
				CLANG_WARN_UNREACHABLE_CODE = YES;
				CLANG_WARN__DUPLICATE_METHOD_MATCH = YES;
				"CODE_SIGN_IDENTITY[sdk=iphoneos*]" = "iPhone Developer";
				COPY_PHASE_STRIP = NO;
				DEBUG_INFORMATION_FORMAT = "dwarf-with-dsym";
				ENABLE_NS_ASSERTIONS = NO;
				ENABLE_STRICT_OBJC_MSGSEND = YES;
				GCC_C_LANGUAGE_STANDARD = gnu99;
				GCC_NO_COMMON_BLOCKS = YES;
				GCC_WARN_64_TO_32_BIT_CONVERSION = YES;
				GCC_WARN_ABOUT_RETURN_TYPE = YES_ERROR;
				GCC_WARN_UNDECLARED_SELECTOR = YES;
				GCC_WARN_UNINITIALIZED_AUTOS = YES_AGGRESSIVE;
				GCC_WARN_UNUSED_FUNCTION = YES;
				GCC_WARN_UNUSED_VARIABLE = YES;
				IPHONEOS_DEPLOYMENT_TARGET = 10.3;
				MTL_ENABLE_DEBUG_INFO = NO;
				SDKROOT = iphoneos;
				SWIFT_OPTIMIZATION_LEVEL = "-Owholemodule";
				VALIDATE_PRODUCT = YES;
			};
			name = Release;
		};
		9197F6251F308F6200D73515 /* Debug */ = {
			isa = XCBuildConfiguration;
			buildSettings = {
				ASSETCATALOG_COMPILER_APPICON_NAME = AppIcon;
				INFOPLIST_FILE = "News Paper/Info.plist";
				LD_RUNPATH_SEARCH_PATHS = "$(inherited) @executable_path/Frameworks";
				PRODUCT_BUNDLE_IDENTIFIER = "self.News-Paper";
				PRODUCT_NAME = "$(TARGET_NAME)";
				SWIFT_VERSION = 3.0;
			};
			name = Debug;
		};
		9197F6261F308F6200D73515 /* Release */ = {
			isa = XCBuildConfiguration;
			buildSettings = {
				ASSETCATALOG_COMPILER_APPICON_NAME = AppIcon;
				INFOPLIST_FILE = "News Paper/Info.plist";
				LD_RUNPATH_SEARCH_PATHS = "$(inherited) @executable_path/Frameworks";
				PRODUCT_BUNDLE_IDENTIFIER = "self.News-Paper";
				PRODUCT_NAME = "$(TARGET_NAME)";
				SWIFT_VERSION = 3.0;
			};
			name = Release;
		};
/* End XCBuildConfiguration section */

/* Begin XCConfigurationList section */
		9197F60D1F308F6000D73515 /* Build configuration list for PBXProject "News Paper" */ = {
			isa = XCConfigurationList;
			buildConfigurations = (
				9197F6221F308F6200D73515 /* Debug */,
				9197F6231F308F6200D73515 /* Release */,
			);
			defaultConfigurationIsVisible = 0;
			defaultConfigurationName = Release;
		};
		9197F6241F308F6200D73515 /* Build configuration list for PBXNativeTarget "News Paper" */ = {
			isa = XCConfigurationList;
			buildConfigurations = (
				9197F6251F308F6200D73515 /* Debug */,
				9197F6261F308F6200D73515 /* Release */,
			);
			defaultConfigurationIsVisible = 0;
		};
/* End XCConfigurationList section */
	};
	rootObject = 9197F60A1F308F6000D73515 /* Project object */;
}
